
Microsoft Visual Studio Solution File, Format Version 12.00
# Visual Studio Version 17
VisualStudioVersion = 17.0.32112.339
MinimumVisualStudioVersion = 10.0.40219.1
Project("{9A19103F-16F7-4668-BE54-9A1E7A4F7556}") = "Travel.API", "Travel.API\Travel.API.csproj", "{8F3157CE-B167-457F-9838-8E4D13A5B0BB}"
EndProject
Project("{9A19103F-16F7-4668-BE54-9A1E7A4F7556}") = "Travel.DAL", "Travel.DAL\Travel.DAL.csproj", "{EA447DB2-AB3A-4263-B641-9D7CFC030B90}"
EndProject
Project("{9A19103F-16F7-4668-BE54-9A1E7A4F7556}") = "Travel.BLL", "Travel.BLL\Travel.BLL.csproj", "{9920F427-CAB6-4E2A-AE3A-5145281050B5}"
EndProject
Global
	GlobalSection(SolutionConfigurationPlatforms) = preSolution
		Debug|Any CPU = Debug|Any CPU
		Release|Any CPU = Release|Any CPU
	EndGlobalSection
	GlobalSection(ProjectConfigurationPlatforms) = postSolution
		{8F3157CE-B167-457F-9838-8E4D13A5B0BB}.Debug|Any CPU.ActiveCfg = Debug|Any CPU
		{8F3157CE-B167-457F-9838-8E4D13A5B0BB}.Debug|Any CPU.Build.0 = Debug|Any CPU
		{8F3157CE-B167-457F-9838-8E4D13A5B0BB}.Release|Any CPU.ActiveCfg = Release|Any CPU
		{8F3157CE-B167-457F-9838-8E4D13A5B0BB}.Release|Any CPU.Build.0 = Release|Any CPU
		{EA447DB2-AB3A-4263-B641-9D7CFC030B90}.Debug|Any CPU.ActiveCfg = Debug|Any CPU
		{EA447DB2-AB3A-4263-B641-9D7CFC030B90}.Debug|Any CPU.Build.0 = Debug|Any CPU
		{EA447DB2-AB3A-4263-B641-9D7CFC030B90}.Release|Any CPU.ActiveCfg = Release|Any CPU
		{EA447DB2-AB3A-4263-B641-9D7CFC030B90}.Release|Any CPU.Build.0 = Release|Any CPU
		{9920F427-CAB6-4E2A-AE3A-5145281050B5}.Debug|Any CPU.ActiveCfg = Debug|Any CPU
		{9920F427-CAB6-4E2A-AE3A-5145281050B5}.Debug|Any CPU.Build.0 = Debug|Any CPU
		{9920F427-CAB6-4E2A-AE3A-5145281050B5}.Release|Any CPU.ActiveCfg = Release|Any CPU
		{9920F427-CAB6-4E2A-AE3A-5145281050B5}.Release|Any CPU.Build.0 = Release|Any CPU
	EndGlobalSection
	GlobalSection(SolutionProperties) = preSolution
		HideSolutionNode = FALSE
	EndGlobalSection
	GlobalSection(ExtensibilityGlobals) = postSolution
		SolutionGuid = {226F6797-E2B7-43C0-9825-BD86691CD966}
	EndGlobalSection
EndGlobal
